
Microsoft Visual Studio Solution File, Format Version 12.00
# Visual Studio 15
VisualStudioVersion = 15.0.28010.2003
MinimumVisualStudioVersion = 10.0.40219.1
Project("{9A19103F-16F7-4668-BE54-9A1E7A4F7556}") = "Lofka.Dotnet.Log4net", "Lofka.Dotnet.Log4net\Lofka.Dotnet.Log4net.csproj", "{C27E258B-E23B-47CF-A0D3-7EBE1327605C}"
EndProject
Project("{2150E333-8FDC-42A3-9474-1A3956D46DE8}") = "Log4net", "Log4net", "{B91EE438-6647-4E58-8698-BCE87C06B8FE}"
EndProject
Project("{2150E333-8FDC-42A3-9474-1A3956D46DE8}") = "NLog", "NLog", "{B5503B65-F0ED-4A0A-8B40-F1EA742A5F86}"
EndProject
Project("{9A19103F-16F7-4668-BE54-9A1E7A4F7556}") = "Lofka.Dotnet.Common", "Lofka.Dotnet.Common\Lofka.Dotnet.Common.csproj", "{4916EC15-6737-44CB-95C8-EB7DBAD7539A}"
EndProject
Project("{2150E333-8FDC-42A3-9474-1A3956D46DE8}") = "examples", "examples", "{3772A40F-7D3B-4B2C-8859-267B1CC38EC4}"
EndProject
Project("{2150E333-8FDC-42A3-9474-1A3956D46DE8}") = "Log4net", "Log4net", "{05993043-E3E9-4D8F-8A55-CA1FE904E6C3}"
EndProject
Project("{9A19103F-16F7-4668-BE54-9A1E7A4F7556}") = "Example.Log4net.HttpAppender", "examples\Example.Log4net.HttpAppender\Example.Log4net.HttpAppender.csproj", "{BFB62DD5-6704-4116-A81C-E5CCFC131528}"
EndProject
Project("{9A19103F-16F7-4668-BE54-9A1E7A4F7556}") = "Example.Log4net.HttpAsyncAppender", "examples\Example.Log4net.HttpAsyncAppender\Example.Log4net.HttpAsyncAppender.csproj", "{4174370D-CB2E-4E67-862F-6745C3A02FC3}"
EndProject
Project("{FAE04EC0-301F-11D3-BF4B-00C04F79EFBC}") = "Example.Log4net.Net4.HttpAppender", "Example.Log4net.Net4.HttpAppender\Example.Log4net.Net4.HttpAppender.csproj", "{4A78E6E2-2692-4524-B2C8-94C6ABA8AECF}"
EndProject
Project("{FAE04EC0-301F-11D3-BF4B-00C04F79EFBC}") = "Example.Log4net.Net4.HttpAsyncAppender", "Example.Log4net.Net4.HttpAsyncAppender\Example.Log4net.Net4.HttpAsyncAppender.csproj", "{5F292A3B-4090-480C-9B45-95A1806D1E26}"
EndProject
Global
	GlobalSection(SolutionConfigurationPlatforms) = preSolution
		Debug|Any CPU = Debug|Any CPU
		Release|Any CPU = Release|Any CPU
	EndGlobalSection
	GlobalSection(ProjectConfigurationPlatforms) = postSolution
		{C27E258B-E23B-47CF-A0D3-7EBE1327605C}.Debug|Any CPU.ActiveCfg = Debug|Any CPU
		{C27E258B-E23B-47CF-A0D3-7EBE1327605C}.Debug|Any CPU.Build.0 = Debug|Any CPU
		{C27E258B-E23B-47CF-A0D3-7EBE1327605C}.Release|Any CPU.ActiveCfg = Release|Any CPU
		{C27E258B-E23B-47CF-A0D3-7EBE1327605C}.Release|Any CPU.Build.0 = Release|Any CPU
		{4916EC15-6737-44CB-95C8-EB7DBAD7539A}.Debug|Any CPU.ActiveCfg = Debug|Any CPU
		{4916EC15-6737-44CB-95C8-EB7DBAD7539A}.Debug|Any CPU.Build.0 = Debug|Any CPU
		{4916EC15-6737-44CB-95C8-EB7DBAD7539A}.Release|Any CPU.ActiveCfg = Release|Any CPU
		{4916EC15-6737-44CB-95C8-EB7DBAD7539A}.Release|Any CPU.Build.0 = Release|Any CPU
		{BFB62DD5-6704-4116-A81C-E5CCFC131528}.Debug|Any CPU.ActiveCfg = Debug|Any CPU
		{BFB62DD5-6704-4116-A81C-E5CCFC131528}.Debug|Any CPU.Build.0 = Debug|Any CPU
		{BFB62DD5-6704-4116-A81C-E5CCFC131528}.Release|Any CPU.ActiveCfg = Release|Any CPU
		{BFB62DD5-6704-4116-A81C-E5CCFC131528}.Release|Any CPU.Build.0 = Release|Any CPU
		{4174370D-CB2E-4E67-862F-6745C3A02FC3}.Debug|Any CPU.ActiveCfg = Debug|Any CPU
		{4174370D-CB2E-4E67-862F-6745C3A02FC3}.Debug|Any CPU.Build.0 = Debug|Any CPU
		{4174370D-CB2E-4E67-862F-6745C3A02FC3}.Release|Any CPU.ActiveCfg = Release|Any CPU
		{4174370D-CB2E-4E67-862F-6745C3A02FC3}.Release|Any CPU.Build.0 = Release|Any CPU
		{4A78E6E2-2692-4524-B2C8-94C6ABA8AECF}.Debug|Any CPU.ActiveCfg = Debug|Any CPU
		{4A78E6E2-2692-4524-B2C8-94C6ABA8AECF}.Debug|Any CPU.Build.0 = Debug|Any CPU
		{4A78E6E2-2692-4524-B2C8-94C6ABA8AECF}.Release|Any CPU.ActiveCfg = Release|Any CPU
		{4A78E6E2-2692-4524-B2C8-94C6ABA8AECF}.Release|Any CPU.Build.0 = Release|Any CPU
		{5F292A3B-4090-480C-9B45-95A1806D1E26}.Debug|Any CPU.ActiveCfg = Debug|Any CPU
		{5F292A3B-4090-480C-9B45-95A1806D1E26}.Debug|Any CPU.Build.0 = Debug|Any CPU
		{5F292A3B-4090-480C-9B45-95A1806D1E26}.Release|Any CPU.ActiveCfg = Release|Any CPU
		{5F292A3B-4090-480C-9B45-95A1806D1E26}.Release|Any CPU.Build.0 = Release|Any CPU
	EndGlobalSection
	GlobalSection(SolutionProperties) = preSolution
		HideSolutionNode = FALSE
	EndGlobalSection
	GlobalSection(NestedProjects) = preSolution
		{C27E258B-E23B-47CF-A0D3-7EBE1327605C} = {B91EE438-6647-4E58-8698-BCE87C06B8FE}
		{05993043-E3E9-4D8F-8A55-CA1FE904E6C3} = {3772A40F-7D3B-4B2C-8859-267B1CC38EC4}
		{BFB62DD5-6704-4116-A81C-E5CCFC131528} = {05993043-E3E9-4D8F-8A55-CA1FE904E6C3}
		{4174370D-CB2E-4E67-862F-6745C3A02FC3} = {05993043-E3E9-4D8F-8A55-CA1FE904E6C3}
		{4A78E6E2-2692-4524-B2C8-94C6ABA8AECF} = {05993043-E3E9-4D8F-8A55-CA1FE904E6C3}
		{5F292A3B-4090-480C-9B45-95A1806D1E26} = {05993043-E3E9-4D8F-8A55-CA1FE904E6C3}
	EndGlobalSection
	GlobalSection(ExtensibilityGlobals) = postSolution
		SolutionGuid = {3313BC5A-3C27-4C72-A5F8-51A279E605E4}
	EndGlobalSection
EndGlobal
