{
  "requires": true,
  "lockfileVersion": 1,
  "dependencies": {
    "xterm": {
      "version": "3.6.0",
      "resolved": "https://registry.npmjs.org/xterm/-/xterm-3.6.0.tgz",
      "integrity": "sha512-D/7/fm7oGzZksLFQdpn1TD63V+T4Ad3LZR2JfZ1QrPZ1yDjKedIKWAZXgzeHQw8S/5HYD08GdkLnjeLm/e6Yog=="
    }
  }
}
